
Microsoft Visual Studio Solution File, Format Version 12.00
# Visual Studio Version 17
VisualStudioVersion = 17.11.35312.102
MinimumVisualStudioVersion = 10.0.40219.1
Project("{FAE04EC0-301F-11D3-BF4B-00C04F79EFBC}") = "lesson_4", "lesson_4.csproj", "{5EF8F562-B753-48CF-8361-7BF6D31FB2ED}"
EndProject
Global
	GlobalSection(SolutionConfigurationPlatforms) = preSolution
		Debug|Any CPU = Debug|Any CPU
		Release|Any CPU = Release|Any CPU
	EndGlobalSection
	GlobalSection(ProjectConfigurationPlatforms) = postSolution
		{5EF8F562-B753-48CF-8361-7BF6D31FB2ED}.Debug|Any CPU.ActiveCfg = Debug|Any CPU
		{5EF8F562-B753-48CF-8361-7BF6D31FB2ED}.Debug|Any CPU.Build.0 = Debug|Any CPU
		{5EF8F562-B753-48CF-8361-7BF6D31FB2ED}.Release|Any CPU.ActiveCfg = Release|Any CPU
		{5EF8F562-B753-48CF-8361-7BF6D31FB2ED}.Release|Any CPU.Build.0 = Release|Any CPU
	EndGlobalSection
	GlobalSection(SolutionProperties) = preSolution
		HideSolutionNode = FALSE
	EndGlobalSection
	GlobalSection(ExtensibilityGlobals) = postSolution
		SolutionGuid = {FC0916C7-5F88-40FE-9E66-C60C6828FC34}
	EndGlobalSection
EndGlobal
